
Microsoft Visual Studio Solution File, Format Version 12.00
# Visual Studio Version 16
VisualStudioVersion = 16.0.30717.126
MinimumVisualStudioVersion = 10.0.40219.1
Project("{9A19103F-16F7-4668-BE54-9A1E7A4F7556}") = "HIS.AutoUpdate.Blazor", "HIS.AutoUpdate.Blazor.csproj", "{F10FF56B-1EB5-41E6-807E-6CA7346F70DB}"
EndProject
Global
	GlobalSection(SolutionConfigurationPlatforms) = preSolution
		Debug|Any CPU = Debug|Any CPU
		Release|Any CPU = Release|Any CPU
	EndGlobalSection
	GlobalSection(ProjectConfigurationPlatforms) = postSolution
		{F10FF56B-1EB5-41E6-807E-6CA7346F70DB}.Debug|Any CPU.ActiveCfg = Debug|Any CPU
		{F10FF56B-1EB5-41E6-807E-6CA7346F70DB}.Debug|Any CPU.Build.0 = Debug|Any CPU
		{F10FF56B-1EB5-41E6-807E-6CA7346F70DB}.Release|Any CPU.ActiveCfg = Release|Any CPU
		{F10FF56B-1EB5-41E6-807E-6CA7346F70DB}.Release|Any CPU.Build.0 = Release|Any CPU
	EndGlobalSection
	GlobalSection(SolutionProperties) = preSolution
		HideSolutionNode = FALSE
	EndGlobalSection
	GlobalSection(ExtensibilityGlobals) = postSolution
		SolutionGuid = {B5DA2852-7A0C-4A2A-88D9-1FB89A201B04}
	EndGlobalSection
EndGlobal
